
Microsoft Visual Studio Solution File, Format Version 12.00
# Visual Studio Version 17
VisualStudioVersion = 17.3.32929.385
MinimumVisualStudioVersion = 10.0.40219.1
Project("{FAE04EC0-301F-11D3-BF4B-00C04F79EFBC}") = "DigitalSignage", "DigitalSignage\DigitalSignage.csproj", "{C1753CFC-7A02-4B08-8BE2-1F4971A26A9F}"
EndProject
Global
	GlobalSection(SolutionConfigurationPlatforms) = preSolution
		Debug|Any CPU = Debug|Any CPU
		Release|Any CPU = Release|Any CPU
	EndGlobalSection
	GlobalSection(ProjectConfigurationPlatforms) = postSolution
		{C1753CFC-7A02-4B08-8BE2-1F4971A26A9F}.Debug|Any CPU.ActiveCfg = Debug|Any CPU
		{C1753CFC-7A02-4B08-8BE2-1F4971A26A9F}.Debug|Any CPU.Build.0 = Debug|Any CPU
		{C1753CFC-7A02-4B08-8BE2-1F4971A26A9F}.Release|Any CPU.ActiveCfg = Release|Any CPU
		{C1753CFC-7A02-4B08-8BE2-1F4971A26A9F}.Release|Any CPU.Build.0 = Release|Any CPU
	EndGlobalSection
	GlobalSection(SolutionProperties) = preSolution
		HideSolutionNode = FALSE
	EndGlobalSection
	GlobalSection(ExtensibilityGlobals) = postSolution
		SolutionGuid = {456F8768-24FA-4D4F-870D-9F127B5C90B7}
	EndGlobalSection
EndGlobal
